
Microsoft Visual Studio Solution File, Format Version 12.00
# Visual Studio Version 16
VisualStudioVersion = 16.0.31129.286
MinimumVisualStudioVersion = 10.0.40219.1
Project("{9A19103F-16F7-4668-BE54-9A1E7A4F7556}") = "RBXTools", "RBXTools.csproj", "{28889418-724E-4D46-A5B8-F1D44753B28E}"
EndProject
Project("{9A19103F-16F7-4668-BE54-9A1E7A4F7556}") = "RobloxRepair Auto Update", "..\RobloxRepair Auto Update\RobloxRepair Auto Update.csproj", "{9CA28747-670C-47BF-A85E-77B732B5BF49}"
EndProject
Global
	GlobalSection(SolutionConfigurationPlatforms) = preSolution
		Debug|Any CPU = Debug|Any CPU
		Release|Any CPU = Release|Any CPU
	EndGlobalSection
	GlobalSection(ProjectConfigurationPlatforms) = postSolution
		{28889418-724E-4D46-A5B8-F1D44753B28E}.Debug|Any CPU.ActiveCfg = Debug|Any CPU
		{28889418-724E-4D46-A5B8-F1D44753B28E}.Debug|Any CPU.Build.0 = Debug|Any CPU
		{28889418-724E-4D46-A5B8-F1D44753B28E}.Release|Any CPU.ActiveCfg = Release|Any CPU
		{28889418-724E-4D46-A5B8-F1D44753B28E}.Release|Any CPU.Build.0 = Release|Any CPU
		{9CA28747-670C-47BF-A85E-77B732B5BF49}.Debug|Any CPU.ActiveCfg = Debug|Any CPU
		{9CA28747-670C-47BF-A85E-77B732B5BF49}.Debug|Any CPU.Build.0 = Debug|Any CPU
		{9CA28747-670C-47BF-A85E-77B732B5BF49}.Release|Any CPU.ActiveCfg = Release|Any CPU
		{9CA28747-670C-47BF-A85E-77B732B5BF49}.Release|Any CPU.Build.0 = Release|Any CPU
	EndGlobalSection
	GlobalSection(SolutionProperties) = preSolution
		HideSolutionNode = FALSE
	EndGlobalSection
	GlobalSection(ExtensibilityGlobals) = postSolution
		SolutionGuid = {D1FC7A8F-E75F-487E-895E-A000E4CAA4E9}
	EndGlobalSection
EndGlobal
